
Microsoft Visual Studio Solution File, Format Version 12.00
# Visual Studio Version 17
VisualStudioVersion = 17.7.34003.232
MinimumVisualStudioVersion = 10.0.40219.1
Project("{9A19103F-16F7-4668-BE54-9A1E7A4F7556}") = "InterventWebAppCore", "InterventWebAppCore\InterventWebAppCore.csproj", "{9477568A-7C7A-4DE6-B532-0D046845B44E}"
EndProject
Project("{9A19103F-16F7-4668-BE54-9A1E7A4F7556}") = "Intervent.Web.DTOCore", "Intervent.Web.DTOCore\Intervent.Web.DTOCore.csproj", "{AC310543-F43B-47F3-951E-395D2B599361}"
EndProject
Project("{9A19103F-16F7-4668-BE54-9A1E7A4F7556}") = "Intervent.Web.DataLayerCore", "Intervent.Web.DataLayerCore\Intervent.Web.DataLayerCore.csproj", "{28E95853-1410-42A8-A6F8-16E2A1BACD2B}"
EndProject
Project("{9A19103F-16F7-4668-BE54-9A1E7A4F7556}") = "Intervent.HWSCore", "Intervent.HWSCore\Intervent.HWSCore.csproj", "{69BD2651-1EB8-4E5F-86AF-236A146B2C15}"
EndProject
Project("{9A19103F-16F7-4668-BE54-9A1E7A4F7556}") = "Intervent.FrameworkCore", "Intervent.FrameworkCore\Intervent.FrameworkCore.csproj", "{FEF74408-3485-45B9-88F6-3DBCFE83543E}"
EndProject
Project("{9A19103F-16F7-4668-BE54-9A1E7A4F7556}") = "Intervent.DALCore", "Intervent.DALCore\Intervent.DALCore.csproj", "{7CB8F957-5292-4CA2-BFB7-22C2014E88C8}"
EndProject
Project("{9A19103F-16F7-4668-BE54-9A1E7A4F7556}") = "Intervent.BusinessCore", "Intervent.BusinessCore\Intervent.BusinessCore.csproj", "{7112F127-8FF5-4AE7-8F13-524ACDD22FDB}"
EndProject
Project("{2150E333-8FDC-42A3-9474-1A3956D46DE8}") = "CoreService", "CoreService", "{416ACFF1-DB3B-4E8D-8083-88DD8B8F2B00}"
EndProject
Project("{9A19103F-16F7-4668-BE54-9A1E7A4F7556}") = "ClaimDataAnalyticsCore", "ClaimDataAnalyticsCore\ClaimDataAnalyticsCore.csproj", "{A94813E2-C5F5-4A87-B27E-BAFCA4D170CC}"
EndProject
Project("{9A19103F-16F7-4668-BE54-9A1E7A4F7556}") = "EligibilityConsoleCore", "EligibilityConsoleCore\EligibilityConsoleCore.csproj", "{98A9DBE6-2335-4CEF-A079-4812A4F51CDC}"
EndProject
Project("{9A19103F-16F7-4668-BE54-9A1E7A4F7556}") = "EligibilityCore", "EligibilityCore\EligibilityCore.csproj", "{0046C6CD-EF60-4D12-BEE1-FFD98503DAFF}"
EndProject
Global
	GlobalSection(SolutionConfigurationPlatforms) = preSolution
		Debug|Any CPU = Debug|Any CPU
		Debug|x86 = Debug|x86
		DEV|Any CPU = DEV|Any CPU
		DEV|x86 = DEV|x86
		PROD|Any CPU = PROD|Any CPU
		PROD|x86 = PROD|x86
		Release|Any CPU = Release|Any CPU
		Release|x86 = Release|x86
		UAT|Any CPU = UAT|Any CPU
		UAT|x86 = UAT|x86
	EndGlobalSection
	GlobalSection(ProjectConfigurationPlatforms) = postSolution
		{9477568A-7C7A-4DE6-B532-0D046845B44E}.Debug|Any CPU.ActiveCfg = Debug|Any CPU
		{9477568A-7C7A-4DE6-B532-0D046845B44E}.Debug|Any CPU.Build.0 = Debug|Any CPU
		{9477568A-7C7A-4DE6-B532-0D046845B44E}.Debug|x86.ActiveCfg = Debug|Any CPU
		{9477568A-7C7A-4DE6-B532-0D046845B44E}.Debug|x86.Build.0 = Debug|Any CPU
		{9477568A-7C7A-4DE6-B532-0D046845B44E}.DEV|Any CPU.ActiveCfg = Debug|Any CPU
		{9477568A-7C7A-4DE6-B532-0D046845B44E}.DEV|Any CPU.Build.0 = Debug|Any CPU
		{9477568A-7C7A-4DE6-B532-0D046845B44E}.DEV|x86.ActiveCfg = Debug|Any CPU
		{9477568A-7C7A-4DE6-B532-0D046845B44E}.DEV|x86.Build.0 = Debug|Any CPU
		{9477568A-7C7A-4DE6-B532-0D046845B44E}.PROD|Any CPU.ActiveCfg = Debug|Any CPU
		{9477568A-7C7A-4DE6-B532-0D046845B44E}.PROD|Any CPU.Build.0 = Debug|Any CPU
		{9477568A-7C7A-4DE6-B532-0D046845B44E}.PROD|x86.ActiveCfg = Debug|Any CPU
		{9477568A-7C7A-4DE6-B532-0D046845B44E}.PROD|x86.Build.0 = Debug|Any CPU
		{9477568A-7C7A-4DE6-B532-0D046845B44E}.Release|Any CPU.ActiveCfg = Release|Any CPU
		{9477568A-7C7A-4DE6-B532-0D046845B44E}.Release|Any CPU.Build.0 = Release|Any CPU
		{9477568A-7C7A-4DE6-B532-0D046845B44E}.Release|x86.ActiveCfg = Release|Any CPU
		{9477568A-7C7A-4DE6-B532-0D046845B44E}.Release|x86.Build.0 = Release|Any CPU
		{9477568A-7C7A-4DE6-B532-0D046845B44E}.UAT|Any CPU.ActiveCfg = Debug|Any CPU
		{9477568A-7C7A-4DE6-B532-0D046845B44E}.UAT|Any CPU.Build.0 = Debug|Any CPU
		{9477568A-7C7A-4DE6-B532-0D046845B44E}.UAT|x86.ActiveCfg = Debug|Any CPU
		{9477568A-7C7A-4DE6-B532-0D046845B44E}.UAT|x86.Build.0 = Debug|Any CPU
		{AC310543-F43B-47F3-951E-395D2B599361}.Debug|Any CPU.ActiveCfg = Debug|Any CPU
		{AC310543-F43B-47F3-951E-395D2B599361}.Debug|Any CPU.Build.0 = Debug|Any CPU
		{AC310543-F43B-47F3-951E-395D2B599361}.Debug|x86.ActiveCfg = Debug|Any CPU
		{AC310543-F43B-47F3-951E-395D2B599361}.Debug|x86.Build.0 = Debug|Any CPU
		{AC310543-F43B-47F3-951E-395D2B599361}.DEV|Any CPU.ActiveCfg = Debug|Any CPU
		{AC310543-F43B-47F3-951E-395D2B599361}.DEV|Any CPU.Build.0 = Debug|Any CPU
		{AC310543-F43B-47F3-951E-395D2B599361}.DEV|x86.ActiveCfg = Debug|Any CPU
		{AC310543-F43B-47F3-951E-395D2B599361}.DEV|x86.Build.0 = Debug|Any CPU
		{AC310543-F43B-47F3-951E-395D2B599361}.PROD|Any CPU.ActiveCfg = Debug|Any CPU
		{AC310543-F43B-47F3-951E-395D2B599361}.PROD|Any CPU.Build.0 = Debug|Any CPU
		{AC310543-F43B-47F3-951E-395D2B599361}.PROD|x86.ActiveCfg = Debug|Any CPU
		{AC310543-F43B-47F3-951E-395D2B599361}.PROD|x86.Build.0 = Debug|Any CPU
		{AC310543-F43B-47F3-951E-395D2B599361}.Release|Any CPU.ActiveCfg = Release|Any CPU
		{AC310543-F43B-47F3-951E-395D2B599361}.Release|Any CPU.Build.0 = Release|Any CPU
		{AC310543-F43B-47F3-951E-395D2B599361}.Release|x86.ActiveCfg = Release|Any CPU
		{AC310543-F43B-47F3-951E-395D2B599361}.Release|x86.Build.0 = Release|Any CPU
		{AC310543-F43B-47F3-951E-395D2B599361}.UAT|Any CPU.ActiveCfg = Debug|Any CPU
		{AC310543-F43B-47F3-951E-395D2B599361}.UAT|Any CPU.Build.0 = Debug|Any CPU
		{AC310543-F43B-47F3-951E-395D2B599361}.UAT|x86.ActiveCfg = Debug|Any CPU
		{AC310543-F43B-47F3-951E-395D2B599361}.UAT|x86.Build.0 = Debug|Any CPU
		{28E95853-1410-42A8-A6F8-16E2A1BACD2B}.Debug|Any CPU.ActiveCfg = Debug|Any CPU
		{28E95853-1410-42A8-A6F8-16E2A1BACD2B}.Debug|Any CPU.Build.0 = Debug|Any CPU
		{28E95853-1410-42A8-A6F8-16E2A1BACD2B}.Debug|x86.ActiveCfg = Debug|Any CPU
		{28E95853-1410-42A8-A6F8-16E2A1BACD2B}.Debug|x86.Build.0 = Debug|Any CPU
		{28E95853-1410-42A8-A6F8-16E2A1BACD2B}.DEV|Any CPU.ActiveCfg = Debug|Any CPU
		{28E95853-1410-42A8-A6F8-16E2A1BACD2B}.DEV|Any CPU.Build.0 = Debug|Any CPU
		{28E95853-1410-42A8-A6F8-16E2A1BACD2B}.DEV|x86.ActiveCfg = Debug|Any CPU
		{28E95853-1410-42A8-A6F8-16E2A1BACD2B}.DEV|x86.Build.0 = Debug|Any CPU
		{28E95853-1410-42A8-A6F8-16E2A1BACD2B}.PROD|Any CPU.ActiveCfg = Debug|Any CPU
		{28E95853-1410-42A8-A6F8-16E2A1BACD2B}.PROD|Any CPU.Build.0 = Debug|Any CPU
		{28E95853-1410-42A8-A6F8-16E2A1BACD2B}.PROD|x86.ActiveCfg = Debug|Any CPU
		{28E95853-1410-42A8-A6F8-16E2A1BACD2B}.PROD|x86.Build.0 = Debug|Any CPU
		{28E95853-1410-42A8-A6F8-16E2A1BACD2B}.Release|Any CPU.ActiveCfg = Release|Any CPU
		{28E95853-1410-42A8-A6F8-16E2A1BACD2B}.Release|Any CPU.Build.0 = Release|Any CPU
		{28E95853-1410-42A8-A6F8-16E2A1BACD2B}.Release|x86.ActiveCfg = Release|Any CPU
		{28E95853-1410-42A8-A6F8-16E2A1BACD2B}.Release|x86.Build.0 = Release|Any CPU
		{28E95853-1410-42A8-A6F8-16E2A1BACD2B}.UAT|Any CPU.ActiveCfg = Debug|Any CPU
		{28E95853-1410-42A8-A6F8-16E2A1BACD2B}.UAT|Any CPU.Build.0 = Debug|Any CPU
		{28E95853-1410-42A8-A6F8-16E2A1BACD2B}.UAT|x86.ActiveCfg = Debug|Any CPU
		{28E95853-1410-42A8-A6F8-16E2A1BACD2B}.UAT|x86.Build.0 = Debug|Any CPU
		{69BD2651-1EB8-4E5F-86AF-236A146B2C15}.Debug|Any CPU.ActiveCfg = Debug|Any CPU
		{69BD2651-1EB8-4E5F-86AF-236A146B2C15}.Debug|Any CPU.Build.0 = Debug|Any CPU
		{69BD2651-1EB8-4E5F-86AF-236A146B2C15}.Debug|x86.ActiveCfg = Debug|Any CPU
		{69BD2651-1EB8-4E5F-86AF-236A146B2C15}.Debug|x86.Build.0 = Debug|Any CPU
		{69BD2651-1EB8-4E5F-86AF-236A146B2C15}.DEV|Any CPU.ActiveCfg = Debug|Any CPU
		{69BD2651-1EB8-4E5F-86AF-236A146B2C15}.DEV|Any CPU.Build.0 = Debug|Any CPU
		{69BD2651-1EB8-4E5F-86AF-236A146B2C15}.DEV|x86.ActiveCfg = Debug|Any CPU
		{69BD2651-1EB8-4E5F-86AF-236A146B2C15}.DEV|x86.Build.0 = Debug|Any CPU
		{69BD2651-1EB8-4E5F-86AF-236A146B2C15}.PROD|Any CPU.ActiveCfg = Debug|Any CPU
		{69BD2651-1EB8-4E5F-86AF-236A146B2C15}.PROD|Any CPU.Build.0 = Debug|Any CPU
		{69BD2651-1EB8-4E5F-86AF-236A146B2C15}.PROD|x86.ActiveCfg = Debug|Any CPU
		{69BD2651-1EB8-4E5F-86AF-236A146B2C15}.PROD|x86.Build.0 = Debug|Any CPU
		{69BD2651-1EB8-4E5F-86AF-236A146B2C15}.Release|Any CPU.ActiveCfg = Release|Any CPU
		{69BD2651-1EB8-4E5F-86AF-236A146B2C15}.Release|Any CPU.Build.0 = Release|Any CPU
		{69BD2651-1EB8-4E5F-86AF-236A146B2C15}.Release|x86.ActiveCfg = Release|Any CPU
		{69BD2651-1EB8-4E5F-86AF-236A146B2C15}.Release|x86.Build.0 = Release|Any CPU
		{69BD2651-1EB8-4E5F-86AF-236A146B2C15}.UAT|Any CPU.ActiveCfg = Debug|Any CPU
		{69BD2651-1EB8-4E5F-86AF-236A146B2C15}.UAT|Any CPU.Build.0 = Debug|Any CPU
		{69BD2651-1EB8-4E5F-86AF-236A146B2C15}.UAT|x86.ActiveCfg = Debug|Any CPU
		{69BD2651-1EB8-4E5F-86AF-236A146B2C15}.UAT|x86.Build.0 = Debug|Any CPU
		{FEF74408-3485-45B9-88F6-3DBCFE83543E}.Debug|Any CPU.ActiveCfg = Debug|Any CPU
		{FEF74408-3485-45B9-88F6-3DBCFE83543E}.Debug|Any CPU.Build.0 = Debug|Any CPU
		{FEF74408-3485-45B9-88F6-3DBCFE83543E}.Debug|x86.ActiveCfg = Debug|Any CPU
		{FEF74408-3485-45B9-88F6-3DBCFE83543E}.Debug|x86.Build.0 = Debug|Any CPU
		{FEF74408-3485-45B9-88F6-3DBCFE83543E}.DEV|Any CPU.ActiveCfg = Debug|Any CPU
		{FEF74408-3485-45B9-88F6-3DBCFE83543E}.DEV|Any CPU.Build.0 = Debug|Any CPU
		{FEF74408-3485-45B9-88F6-3DBCFE83543E}.DEV|x86.ActiveCfg = Debug|Any CPU
		{FEF74408-3485-45B9-88F6-3DBCFE83543E}.DEV|x86.Build.0 = Debug|Any CPU
		{FEF74408-3485-45B9-88F6-3DBCFE83543E}.PROD|Any CPU.ActiveCfg = Debug|Any CPU
		{FEF74408-3485-45B9-88F6-3DBCFE83543E}.PROD|Any CPU.Build.0 = Debug|Any CPU
		{FEF74408-3485-45B9-88F6-3DBCFE83543E}.PROD|x86.ActiveCfg = Debug|Any CPU
		{FEF74408-3485-45B9-88F6-3DBCFE83543E}.PROD|x86.Build.0 = Debug|Any CPU
		{FEF74408-3485-45B9-88F6-3DBCFE83543E}.Release|Any CPU.ActiveCfg = Release|Any CPU
		{FEF74408-3485-45B9-88F6-3DBCFE83543E}.Release|Any CPU.Build.0 = Release|Any CPU
		{FEF74408-3485-45B9-88F6-3DBCFE83543E}.Release|x86.ActiveCfg = Release|Any CPU
		{FEF74408-3485-45B9-88F6-3DBCFE83543E}.Release|x86.Build.0 = Release|Any CPU
		{FEF74408-3485-45B9-88F6-3DBCFE83543E}.UAT|Any CPU.ActiveCfg = Debug|Any CPU
		{FEF74408-3485-45B9-88F6-3DBCFE83543E}.UAT|Any CPU.Build.0 = Debug|Any CPU
		{FEF74408-3485-45B9-88F6-3DBCFE83543E}.UAT|x86.ActiveCfg = Debug|Any CPU
		{FEF74408-3485-45B9-88F6-3DBCFE83543E}.UAT|x86.Build.0 = Debug|Any CPU
		{7CB8F957-5292-4CA2-BFB7-22C2014E88C8}.Debug|Any CPU.ActiveCfg = Debug|Any CPU
		{7CB8F957-5292-4CA2-BFB7-22C2014E88C8}.Debug|Any CPU.Build.0 = Debug|Any CPU
		{7CB8F957-5292-4CA2-BFB7-22C2014E88C8}.Debug|x86.ActiveCfg = Debug|Any CPU
		{7CB8F957-5292-4CA2-BFB7-22C2014E88C8}.Debug|x86.Build.0 = Debug|Any CPU
		{7CB8F957-5292-4CA2-BFB7-22C2014E88C8}.DEV|Any CPU.ActiveCfg = Debug|Any CPU
		{7CB8F957-5292-4CA2-BFB7-22C2014E88C8}.DEV|Any CPU.Build.0 = Debug|Any CPU
		{7CB8F957-5292-4CA2-BFB7-22C2014E88C8}.DEV|x86.ActiveCfg = Debug|Any CPU
		{7CB8F957-5292-4CA2-BFB7-22C2014E88C8}.DEV|x86.Build.0 = Debug|Any CPU
		{7CB8F957-5292-4CA2-BFB7-22C2014E88C8}.PROD|Any CPU.ActiveCfg = Debug|Any CPU
		{7CB8F957-5292-4CA2-BFB7-22C2014E88C8}.PROD|Any CPU.Build.0 = Debug|Any CPU
		{7CB8F957-5292-4CA2-BFB7-22C2014E88C8}.PROD|x86.ActiveCfg = Debug|Any CPU
		{7CB8F957-5292-4CA2-BFB7-22C2014E88C8}.PROD|x86.Build.0 = Debug|Any CPU
		{7CB8F957-5292-4CA2-BFB7-22C2014E88C8}.Release|Any CPU.ActiveCfg = Release|Any CPU
		{7CB8F957-5292-4CA2-BFB7-22C2014E88C8}.Release|Any CPU.Build.0 = Release|Any CPU
		{7CB8F957-5292-4CA2-BFB7-22C2014E88C8}.Release|x86.ActiveCfg = Release|Any CPU
		{7CB8F957-5292-4CA2-BFB7-22C2014E88C8}.Release|x86.Build.0 = Release|Any CPU
		{7CB8F957-5292-4CA2-BFB7-22C2014E88C8}.UAT|Any CPU.ActiveCfg = Debug|Any CPU
		{7CB8F957-5292-4CA2-BFB7-22C2014E88C8}.UAT|Any CPU.Build.0 = Debug|Any CPU
		{7CB8F957-5292-4CA2-BFB7-22C2014E88C8}.UAT|x86.ActiveCfg = Debug|Any CPU
		{7CB8F957-5292-4CA2-BFB7-22C2014E88C8}.UAT|x86.Build.0 = Debug|Any CPU
		{7112F127-8FF5-4AE7-8F13-524ACDD22FDB}.Debug|Any CPU.ActiveCfg = Debug|Any CPU
		{7112F127-8FF5-4AE7-8F13-524ACDD22FDB}.Debug|Any CPU.Build.0 = Debug|Any CPU
		{7112F127-8FF5-4AE7-8F13-524ACDD22FDB}.Debug|x86.ActiveCfg = Debug|Any CPU
		{7112F127-8FF5-4AE7-8F13-524ACDD22FDB}.Debug|x86.Build.0 = Debug|Any CPU
		{7112F127-8FF5-4AE7-8F13-524ACDD22FDB}.DEV|Any CPU.ActiveCfg = Debug|Any CPU
		{7112F127-8FF5-4AE7-8F13-524ACDD22FDB}.DEV|Any CPU.Build.0 = Debug|Any CPU
		{7112F127-8FF5-4AE7-8F13-524ACDD22FDB}.DEV|x86.ActiveCfg = Debug|Any CPU
		{7112F127-8FF5-4AE7-8F13-524ACDD22FDB}.DEV|x86.Build.0 = Debug|Any CPU
		{7112F127-8FF5-4AE7-8F13-524ACDD22FDB}.PROD|Any CPU.ActiveCfg = Debug|Any CPU
		{7112F127-8FF5-4AE7-8F13-524ACDD22FDB}.PROD|Any CPU.Build.0 = Debug|Any CPU
		{7112F127-8FF5-4AE7-8F13-524ACDD22FDB}.PROD|x86.ActiveCfg = Debug|Any CPU
		{7112F127-8FF5-4AE7-8F13-524ACDD22FDB}.PROD|x86.Build.0 = Debug|Any CPU
		{7112F127-8FF5-4AE7-8F13-524ACDD22FDB}.Release|Any CPU.ActiveCfg = Release|Any CPU
		{7112F127-8FF5-4AE7-8F13-524ACDD22FDB}.Release|Any CPU.Build.0 = Release|Any CPU
		{7112F127-8FF5-4AE7-8F13-524ACDD22FDB}.Release|x86.ActiveCfg = Release|Any CPU
		{7112F127-8FF5-4AE7-8F13-524ACDD22FDB}.Release|x86.Build.0 = Release|Any CPU
		{7112F127-8FF5-4AE7-8F13-524ACDD22FDB}.UAT|Any CPU.ActiveCfg = Debug|Any CPU
		{7112F127-8FF5-4AE7-8F13-524ACDD22FDB}.UAT|Any CPU.Build.0 = Debug|Any CPU
		{7112F127-8FF5-4AE7-8F13-524ACDD22FDB}.UAT|x86.ActiveCfg = Debug|Any CPU
		{7112F127-8FF5-4AE7-8F13-524ACDD22FDB}.UAT|x86.Build.0 = Debug|Any CPU
		{A94813E2-C5F5-4A87-B27E-BAFCA4D170CC}.Debug|Any CPU.ActiveCfg = Debug|Any CPU
		{A94813E2-C5F5-4A87-B27E-BAFCA4D170CC}.Debug|Any CPU.Build.0 = Debug|Any CPU
		{A94813E2-C5F5-4A87-B27E-BAFCA4D170CC}.Debug|x86.ActiveCfg = Debug|Any CPU
		{A94813E2-C5F5-4A87-B27E-BAFCA4D170CC}.Debug|x86.Build.0 = Debug|Any CPU
		{A94813E2-C5F5-4A87-B27E-BAFCA4D170CC}.DEV|Any CPU.ActiveCfg = Debug|Any CPU
		{A94813E2-C5F5-4A87-B27E-BAFCA4D170CC}.DEV|Any CPU.Build.0 = Debug|Any CPU
		{A94813E2-C5F5-4A87-B27E-BAFCA4D170CC}.DEV|x86.ActiveCfg = Debug|Any CPU
		{A94813E2-C5F5-4A87-B27E-BAFCA4D170CC}.DEV|x86.Build.0 = Debug|Any CPU
		{A94813E2-C5F5-4A87-B27E-BAFCA4D170CC}.PROD|Any CPU.ActiveCfg = Debug|Any CPU
		{A94813E2-C5F5-4A87-B27E-BAFCA4D170CC}.PROD|Any CPU.Build.0 = Debug|Any CPU
		{A94813E2-C5F5-4A87-B27E-BAFCA4D170CC}.PROD|x86.ActiveCfg = Debug|Any CPU
		{A94813E2-C5F5-4A87-B27E-BAFCA4D170CC}.PROD|x86.Build.0 = Debug|Any CPU
		{A94813E2-C5F5-4A87-B27E-BAFCA4D170CC}.Release|Any CPU.ActiveCfg = Release|Any CPU
		{A94813E2-C5F5-4A87-B27E-BAFCA4D170CC}.Release|Any CPU.Build.0 = Release|Any CPU
		{A94813E2-C5F5-4A87-B27E-BAFCA4D170CC}.Release|x86.ActiveCfg = Release|Any CPU
		{A94813E2-C5F5-4A87-B27E-BAFCA4D170CC}.Release|x86.Build.0 = Release|Any CPU
		{A94813E2-C5F5-4A87-B27E-BAFCA4D170CC}.UAT|Any CPU.ActiveCfg = Debug|Any CPU
		{A94813E2-C5F5-4A87-B27E-BAFCA4D170CC}.UAT|Any CPU.Build.0 = Debug|Any CPU
		{A94813E2-C5F5-4A87-B27E-BAFCA4D170CC}.UAT|x86.ActiveCfg = Debug|Any CPU
		{A94813E2-C5F5-4A87-B27E-BAFCA4D170CC}.UAT|x86.Build.0 = Debug|Any CPU
		{98A9DBE6-2335-4CEF-A079-4812A4F51CDC}.Debug|Any CPU.ActiveCfg = Debug|Any CPU
		{98A9DBE6-2335-4CEF-A079-4812A4F51CDC}.Debug|Any CPU.Build.0 = Debug|Any CPU
		{98A9DBE6-2335-4CEF-A079-4812A4F51CDC}.Debug|x86.ActiveCfg = Debug|Any CPU
		{98A9DBE6-2335-4CEF-A079-4812A4F51CDC}.Debug|x86.Build.0 = Debug|Any CPU
		{98A9DBE6-2335-4CEF-A079-4812A4F51CDC}.DEV|Any CPU.ActiveCfg = Debug|Any CPU
		{98A9DBE6-2335-4CEF-A079-4812A4F51CDC}.DEV|Any CPU.Build.0 = Debug|Any CPU
		{98A9DBE6-2335-4CEF-A079-4812A4F51CDC}.DEV|x86.ActiveCfg = Debug|Any CPU
		{98A9DBE6-2335-4CEF-A079-4812A4F51CDC}.DEV|x86.Build.0 = Debug|Any CPU
		{98A9DBE6-2335-4CEF-A079-4812A4F51CDC}.PROD|Any CPU.ActiveCfg = Debug|Any CPU
		{98A9DBE6-2335-4CEF-A079-4812A4F51CDC}.PROD|Any CPU.Build.0 = Debug|Any CPU
		{98A9DBE6-2335-4CEF-A079-4812A4F51CDC}.PROD|x86.ActiveCfg = Debug|Any CPU
		{98A9DBE6-2335-4CEF-A079-4812A4F51CDC}.PROD|x86.Build.0 = Debug|Any CPU
		{98A9DBE6-2335-4CEF-A079-4812A4F51CDC}.Release|Any CPU.ActiveCfg = Release|Any CPU
		{98A9DBE6-2335-4CEF-A079-4812A4F51CDC}.Release|Any CPU.Build.0 = Release|Any CPU
		{98A9DBE6-2335-4CEF-A079-4812A4F51CDC}.Release|x86.ActiveCfg = Release|Any CPU
		{98A9DBE6-2335-4CEF-A079-4812A4F51CDC}.Release|x86.Build.0 = Release|Any CPU
		{98A9DBE6-2335-4CEF-A079-4812A4F51CDC}.UAT|Any CPU.ActiveCfg = Debug|Any CPU
		{98A9DBE6-2335-4CEF-A079-4812A4F51CDC}.UAT|Any CPU.Build.0 = Debug|Any CPU
		{98A9DBE6-2335-4CEF-A079-4812A4F51CDC}.UAT|x86.ActiveCfg = Debug|Any CPU
		{98A9DBE6-2335-4CEF-A079-4812A4F51CDC}.UAT|x86.Build.0 = Debug|Any CPU
		{0046C6CD-EF60-4D12-BEE1-FFD98503DAFF}.Debug|Any CPU.ActiveCfg = Debug|Any CPU
		{0046C6CD-EF60-4D12-BEE1-FFD98503DAFF}.Debug|Any CPU.Build.0 = Debug|Any CPU
		{0046C6CD-EF60-4D12-BEE1-FFD98503DAFF}.Debug|x86.ActiveCfg = Debug|Any CPU
		{0046C6CD-EF60-4D12-BEE1-FFD98503DAFF}.Debug|x86.Build.0 = Debug|Any CPU
		{0046C6CD-EF60-4D12-BEE1-FFD98503DAFF}.DEV|Any CPU.ActiveCfg = Debug|Any CPU
		{0046C6CD-EF60-4D12-BEE1-FFD98503DAFF}.DEV|Any CPU.Build.0 = Debug|Any CPU
		{0046C6CD-EF60-4D12-BEE1-FFD98503DAFF}.DEV|x86.ActiveCfg = Debug|Any CPU
		{0046C6CD-EF60-4D12-BEE1-FFD98503DAFF}.DEV|x86.Build.0 = Debug|Any CPU
		{0046C6CD-EF60-4D12-BEE1-FFD98503DAFF}.PROD|Any CPU.ActiveCfg = Debug|Any CPU
		{0046C6CD-EF60-4D12-BEE1-FFD98503DAFF}.PROD|Any CPU.Build.0 = Debug|Any CPU
		{0046C6CD-EF60-4D12-BEE1-FFD98503DAFF}.PROD|x86.ActiveCfg = Debug|Any CPU
		{0046C6CD-EF60-4D12-BEE1-FFD98503DAFF}.PROD|x86.Build.0 = Debug|Any CPU
		{0046C6CD-EF60-4D12-BEE1-FFD98503DAFF}.Release|Any CPU.ActiveCfg = Release|Any CPU
		{0046C6CD-EF60-4D12-BEE1-FFD98503DAFF}.Release|Any CPU.Build.0 = Release|Any CPU
		{0046C6CD-EF60-4D12-BEE1-FFD98503DAFF}.Release|x86.ActiveCfg = Release|Any CPU
		{0046C6CD-EF60-4D12-BEE1-FFD98503DAFF}.Release|x86.Build.0 = Release|Any CPU
		{0046C6CD-EF60-4D12-BEE1-FFD98503DAFF}.UAT|Any CPU.ActiveCfg = Debug|Any CPU
		{0046C6CD-EF60-4D12-BEE1-FFD98503DAFF}.UAT|Any CPU.Build.0 = Debug|Any CPU
		{0046C6CD-EF60-4D12-BEE1-FFD98503DAFF}.UAT|x86.ActiveCfg = Debug|Any CPU
		{0046C6CD-EF60-4D12-BEE1-FFD98503DAFF}.UAT|x86.Build.0 = Debug|Any CPU
	EndGlobalSection
	GlobalSection(SolutionProperties) = preSolution
		HideSolutionNode = FALSE
	EndGlobalSection
	
	GlobalSection(NestedProjects) = preSolution
		{A94813E2-C5F5-4A87-B27E-BAFCA4D170CC} = {416ACFF1-DB3B-4E8D-8083-88DD8B8F2B00}
		{98A9DBE6-2335-4CEF-A079-4812A4F51CDC} = {416ACFF1-DB3B-4E8D-8083-88DD8B8F2B00}
		{0046C6CD-EF60-4D12-BEE1-FFD98503DAFF} = {416ACFF1-DB3B-4E8D-8083-88DD8B8F2B00}
	EndGlobalSection
	
	GlobalSection(ExtensibilityGlobals) = postSolution
		VisualSVNWorkingCopyRoot = .
		SolutionGuid = {0BC1CBDA-51E9-4FEB-B5F1-5CEF237F7C38}
	EndGlobalSection
EndGlobal
